
Microsoft Visual Studio Solution File, Format Version 12.00
# Visual Studio Version 17
VisualStudioVersion = 17.11.35312.102
MinimumVisualStudioVersion = 10.0.40219.1
Project("{FAE04EC0-301F-11D3-BF4B-00C04F79EFBC}") = "Exceptions", "Exceptions\Exceptions.csproj", "{0AFD8608-ACBC-4276-A211-C4FF475A2EB8}"
EndProject
Global
	GlobalSection(SolutionConfigurationPlatforms) = preSolution
		Debug|Any CPU = Debug|Any CPU
		Release|Any CPU = Release|Any CPU
	EndGlobalSection
	GlobalSection(ProjectConfigurationPlatforms) = postSolution
		{0AFD8608-ACBC-4276-A211-C4FF475A2EB8}.Debug|Any CPU.ActiveCfg = Debug|Any CPU
		{0AFD8608-ACBC-4276-A211-C4FF475A2EB8}.Debug|Any CPU.Build.0 = Debug|Any CPU
		{0AFD8608-ACBC-4276-A211-C4FF475A2EB8}.Release|Any CPU.ActiveCfg = Release|Any CPU
		{0AFD8608-ACBC-4276-A211-C4FF475A2EB8}.Release|Any CPU.Build.0 = Release|Any CPU
	EndGlobalSection
	GlobalSection(SolutionProperties) = preSolution
		HideSolutionNode = FALSE
	EndGlobalSection
	GlobalSection(ExtensibilityGlobals) = postSolution
		SolutionGuid = {C5DD75EC-6310-4630-8840-AF07B01951CC}
	EndGlobalSection
EndGlobal
