
Microsoft Visual Studio Solution File, Format Version 12.00
# Visual Studio Version 17
VisualStudioVersion = 17.11.35312.102
MinimumVisualStudioVersion = 10.0.40219.1
Project("{FAE04EC0-301F-11D3-BF4B-00C04F79EFBC}") = "Delegates", "Delegates\Delegates.csproj", "{F12FC3F9-2FC1-42BF-B96C-F55CBD1E0B02}"
EndProject
Global
	GlobalSection(SolutionConfigurationPlatforms) = preSolution
		Debug|Any CPU = Debug|Any CPU
		Release|Any CPU = Release|Any CPU
	EndGlobalSection
	GlobalSection(ProjectConfigurationPlatforms) = postSolution
		{F12FC3F9-2FC1-42BF-B96C-F55CBD1E0B02}.Debug|Any CPU.ActiveCfg = Debug|Any CPU
		{F12FC3F9-2FC1-42BF-B96C-F55CBD1E0B02}.Debug|Any CPU.Build.0 = Debug|Any CPU
		{F12FC3F9-2FC1-42BF-B96C-F55CBD1E0B02}.Release|Any CPU.ActiveCfg = Release|Any CPU
		{F12FC3F9-2FC1-42BF-B96C-F55CBD1E0B02}.Release|Any CPU.Build.0 = Release|Any CPU
	EndGlobalSection
	GlobalSection(SolutionProperties) = preSolution
		HideSolutionNode = FALSE
	EndGlobalSection
	GlobalSection(ExtensibilityGlobals) = postSolution
		SolutionGuid = {B279E529-1C24-4772-955C-C233D3A4AC62}
	EndGlobalSection
EndGlobal
